
Microsoft Visual Studio Solution File, Format Version 12.00
# Visual Studio 15
VisualStudioVersion = 15.0.26124.0
MinimumVisualStudioVersion = 15.0.26124.0
Project("{2150E333-8FDC-42A3-9474-1A3956D46DE8}") = "dotnetapi", "dotnetapi", "{A920E1BF-888A-47DE-A945-8162F260D380}"
EndProject
Project("{FAE04EC0-301F-11D3-BF4B-00C04F79EFBC}") = "echoclient", "dotnetapi\echoclient\echoclient.csproj", "{524F1B13-86A4-4E84-A637-ECAB5C7E6E6F}"
EndProject
Project("{FAE04EC0-301F-11D3-BF4B-00C04F79EFBC}") = "EchoService", "dotnetapi\EchoService\EchoService.csproj", "{6865B1EF-BFAC-49E6-B981-9FEC44C15D52}"
EndProject
Project("{FAE04EC0-301F-11D3-BF4B-00C04F79EFBC}") = "OrderSercice", "dotnetapi\OrderSercice\OrderSercice.csproj", "{4018053D-A235-4925-A7BD-7DFE94173C62}"
EndProject
Project("{FAE04EC0-301F-11D3-BF4B-00C04F79EFBC}") = "ProductApi", "dotnetapi\ProductApi\ProductApi.csproj", "{08681B8A-0AF0-4507-AAA7-0B08D87928EA}"
EndProject
Project("{FAE04EC0-301F-11D3-BF4B-00C04F79EFBC}") = "TestLib", "dotnetapi\TestLib\TestLib.csproj", "{19CA8293-5D28-4C5C-9917-39F3657814D3}"
EndProject
Project("{FAE04EC0-301F-11D3-BF4B-00C04F79EFBC}") = "PipeChannelService", "dotnetapi\PipeChannelService\PipeChannelService.csproj", "{FB6C44B4-5A66-48CF-988C-606F3E3635D3}"
EndProject
Global
	GlobalSection(SolutionConfigurationPlatforms) = preSolution
		Debug|Any CPU = Debug|Any CPU
		Debug|x64 = Debug|x64
		Debug|x86 = Debug|x86
		Release|Any CPU = Release|Any CPU
		Release|x64 = Release|x64
		Release|x86 = Release|x86
	EndGlobalSection
	GlobalSection(SolutionProperties) = preSolution
		HideSolutionNode = FALSE
	EndGlobalSection
	GlobalSection(ProjectConfigurationPlatforms) = postSolution
		{524F1B13-86A4-4E84-A637-ECAB5C7E6E6F}.Debug|Any CPU.ActiveCfg = Debug|Any CPU
		{524F1B13-86A4-4E84-A637-ECAB5C7E6E6F}.Debug|Any CPU.Build.0 = Debug|Any CPU
		{524F1B13-86A4-4E84-A637-ECAB5C7E6E6F}.Debug|x64.ActiveCfg = Debug|Any CPU
		{524F1B13-86A4-4E84-A637-ECAB5C7E6E6F}.Debug|x64.Build.0 = Debug|Any CPU
		{524F1B13-86A4-4E84-A637-ECAB5C7E6E6F}.Debug|x86.ActiveCfg = Debug|Any CPU
		{524F1B13-86A4-4E84-A637-ECAB5C7E6E6F}.Debug|x86.Build.0 = Debug|Any CPU
		{524F1B13-86A4-4E84-A637-ECAB5C7E6E6F}.Release|Any CPU.ActiveCfg = Release|Any CPU
		{524F1B13-86A4-4E84-A637-ECAB5C7E6E6F}.Release|Any CPU.Build.0 = Release|Any CPU
		{524F1B13-86A4-4E84-A637-ECAB5C7E6E6F}.Release|x64.ActiveCfg = Release|Any CPU
		{524F1B13-86A4-4E84-A637-ECAB5C7E6E6F}.Release|x64.Build.0 = Release|Any CPU
		{524F1B13-86A4-4E84-A637-ECAB5C7E6E6F}.Release|x86.ActiveCfg = Release|Any CPU
		{524F1B13-86A4-4E84-A637-ECAB5C7E6E6F}.Release|x86.Build.0 = Release|Any CPU
		{6865B1EF-BFAC-49E6-B981-9FEC44C15D52}.Debug|Any CPU.ActiveCfg = Debug|Any CPU
		{6865B1EF-BFAC-49E6-B981-9FEC44C15D52}.Debug|Any CPU.Build.0 = Debug|Any CPU
		{6865B1EF-BFAC-49E6-B981-9FEC44C15D52}.Debug|x64.ActiveCfg = Debug|Any CPU
		{6865B1EF-BFAC-49E6-B981-9FEC44C15D52}.Debug|x64.Build.0 = Debug|Any CPU
		{6865B1EF-BFAC-49E6-B981-9FEC44C15D52}.Debug|x86.ActiveCfg = Debug|Any CPU
		{6865B1EF-BFAC-49E6-B981-9FEC44C15D52}.Debug|x86.Build.0 = Debug|Any CPU
		{6865B1EF-BFAC-49E6-B981-9FEC44C15D52}.Release|Any CPU.ActiveCfg = Release|Any CPU
		{6865B1EF-BFAC-49E6-B981-9FEC44C15D52}.Release|Any CPU.Build.0 = Release|Any CPU
		{6865B1EF-BFAC-49E6-B981-9FEC44C15D52}.Release|x64.ActiveCfg = Release|Any CPU
		{6865B1EF-BFAC-49E6-B981-9FEC44C15D52}.Release|x64.Build.0 = Release|Any CPU
		{6865B1EF-BFAC-49E6-B981-9FEC44C15D52}.Release|x86.ActiveCfg = Release|Any CPU
		{6865B1EF-BFAC-49E6-B981-9FEC44C15D52}.Release|x86.Build.0 = Release|Any CPU
		{4018053D-A235-4925-A7BD-7DFE94173C62}.Debug|Any CPU.ActiveCfg = Debug|Any CPU
		{4018053D-A235-4925-A7BD-7DFE94173C62}.Debug|Any CPU.Build.0 = Debug|Any CPU
		{4018053D-A235-4925-A7BD-7DFE94173C62}.Debug|x64.ActiveCfg = Debug|Any CPU
		{4018053D-A235-4925-A7BD-7DFE94173C62}.Debug|x64.Build.0 = Debug|Any CPU
		{4018053D-A235-4925-A7BD-7DFE94173C62}.Debug|x86.ActiveCfg = Debug|Any CPU
		{4018053D-A235-4925-A7BD-7DFE94173C62}.Debug|x86.Build.0 = Debug|Any CPU
		{4018053D-A235-4925-A7BD-7DFE94173C62}.Release|Any CPU.ActiveCfg = Release|Any CPU
		{4018053D-A235-4925-A7BD-7DFE94173C62}.Release|Any CPU.Build.0 = Release|Any CPU
		{4018053D-A235-4925-A7BD-7DFE94173C62}.Release|x64.ActiveCfg = Release|Any CPU
		{4018053D-A235-4925-A7BD-7DFE94173C62}.Release|x64.Build.0 = Release|Any CPU
		{4018053D-A235-4925-A7BD-7DFE94173C62}.Release|x86.ActiveCfg = Release|Any CPU
		{4018053D-A235-4925-A7BD-7DFE94173C62}.Release|x86.Build.0 = Release|Any CPU
		{08681B8A-0AF0-4507-AAA7-0B08D87928EA}.Debug|Any CPU.ActiveCfg = Debug|Any CPU
		{08681B8A-0AF0-4507-AAA7-0B08D87928EA}.Debug|Any CPU.Build.0 = Debug|Any CPU
		{08681B8A-0AF0-4507-AAA7-0B08D87928EA}.Debug|x64.ActiveCfg = Debug|Any CPU
		{08681B8A-0AF0-4507-AAA7-0B08D87928EA}.Debug|x64.Build.0 = Debug|Any CPU
		{08681B8A-0AF0-4507-AAA7-0B08D87928EA}.Debug|x86.ActiveCfg = Debug|Any CPU
		{08681B8A-0AF0-4507-AAA7-0B08D87928EA}.Debug|x86.Build.0 = Debug|Any CPU
		{08681B8A-0AF0-4507-AAA7-0B08D87928EA}.Release|Any CPU.ActiveCfg = Release|Any CPU
		{08681B8A-0AF0-4507-AAA7-0B08D87928EA}.Release|Any CPU.Build.0 = Release|Any CPU
		{08681B8A-0AF0-4507-AAA7-0B08D87928EA}.Release|x64.ActiveCfg = Release|Any CPU
		{08681B8A-0AF0-4507-AAA7-0B08D87928EA}.Release|x64.Build.0 = Release|Any CPU
		{08681B8A-0AF0-4507-AAA7-0B08D87928EA}.Release|x86.ActiveCfg = Release|Any CPU
		{08681B8A-0AF0-4507-AAA7-0B08D87928EA}.Release|x86.Build.0 = Release|Any CPU
		{19CA8293-5D28-4C5C-9917-39F3657814D3}.Debug|Any CPU.ActiveCfg = Debug|Any CPU
		{19CA8293-5D28-4C5C-9917-39F3657814D3}.Debug|Any CPU.Build.0 = Debug|Any CPU
		{19CA8293-5D28-4C5C-9917-39F3657814D3}.Debug|x64.ActiveCfg = Debug|Any CPU
		{19CA8293-5D28-4C5C-9917-39F3657814D3}.Debug|x64.Build.0 = Debug|Any CPU
		{19CA8293-5D28-4C5C-9917-39F3657814D3}.Debug|x86.ActiveCfg = Debug|Any CPU
		{19CA8293-5D28-4C5C-9917-39F3657814D3}.Debug|x86.Build.0 = Debug|Any CPU
		{19CA8293-5D28-4C5C-9917-39F3657814D3}.Release|Any CPU.ActiveCfg = Release|Any CPU
		{19CA8293-5D28-4C5C-9917-39F3657814D3}.Release|Any CPU.Build.0 = Release|Any CPU
		{19CA8293-5D28-4C5C-9917-39F3657814D3}.Release|x64.ActiveCfg = Release|Any CPU
		{19CA8293-5D28-4C5C-9917-39F3657814D3}.Release|x64.Build.0 = Release|Any CPU
		{19CA8293-5D28-4C5C-9917-39F3657814D3}.Release|x86.ActiveCfg = Release|Any CPU
		{19CA8293-5D28-4C5C-9917-39F3657814D3}.Release|x86.Build.0 = Release|Any CPU
		{FB6C44B4-5A66-48CF-988C-606F3E3635D3}.Debug|Any CPU.ActiveCfg = Debug|Any CPU
		{FB6C44B4-5A66-48CF-988C-606F3E3635D3}.Debug|Any CPU.Build.0 = Debug|Any CPU
		{FB6C44B4-5A66-48CF-988C-606F3E3635D3}.Debug|x64.ActiveCfg = Debug|Any CPU
		{FB6C44B4-5A66-48CF-988C-606F3E3635D3}.Debug|x64.Build.0 = Debug|Any CPU
		{FB6C44B4-5A66-48CF-988C-606F3E3635D3}.Debug|x86.ActiveCfg = Debug|Any CPU
		{FB6C44B4-5A66-48CF-988C-606F3E3635D3}.Debug|x86.Build.0 = Debug|Any CPU
		{FB6C44B4-5A66-48CF-988C-606F3E3635D3}.Release|Any CPU.ActiveCfg = Release|Any CPU
		{FB6C44B4-5A66-48CF-988C-606F3E3635D3}.Release|Any CPU.Build.0 = Release|Any CPU
		{FB6C44B4-5A66-48CF-988C-606F3E3635D3}.Release|x64.ActiveCfg = Release|Any CPU
		{FB6C44B4-5A66-48CF-988C-606F3E3635D3}.Release|x64.Build.0 = Release|Any CPU
		{FB6C44B4-5A66-48CF-988C-606F3E3635D3}.Release|x86.ActiveCfg = Release|Any CPU
		{FB6C44B4-5A66-48CF-988C-606F3E3635D3}.Release|x86.Build.0 = Release|Any CPU
	EndGlobalSection
	GlobalSection(NestedProjects) = preSolution
		{524F1B13-86A4-4E84-A637-ECAB5C7E6E6F} = {A920E1BF-888A-47DE-A945-8162F260D380}
		{6865B1EF-BFAC-49E6-B981-9FEC44C15D52} = {A920E1BF-888A-47DE-A945-8162F260D380}
		{4018053D-A235-4925-A7BD-7DFE94173C62} = {A920E1BF-888A-47DE-A945-8162F260D380}
		{08681B8A-0AF0-4507-AAA7-0B08D87928EA} = {A920E1BF-888A-47DE-A945-8162F260D380}
		{19CA8293-5D28-4C5C-9917-39F3657814D3} = {A920E1BF-888A-47DE-A945-8162F260D380}
		{FB6C44B4-5A66-48CF-988C-606F3E3635D3} = {A920E1BF-888A-47DE-A945-8162F260D380}
	EndGlobalSection
EndGlobal
