
Microsoft Visual Studio Solution File, Format Version 12.00
# Visual Studio Version 16
VisualStudioVersion = 16.0.30709.132
MinimumVisualStudioVersion = 15.0.26124.0
Project("{2150E333-8FDC-42A3-9474-1A3956D46DE8}") = "dotnetapi", "dotnetapi", "{A920E1BF-888A-47DE-A945-8162F260D380}"
EndProject
Project("{9A19103F-16F7-4668-BE54-9A1E7A4F7556}") = "echoclient", "dotnetapi\echoclient\echoclient.csproj", "{524F1B13-86A4-4E84-A637-ECAB5C7E6E6F}"
EndProject
Project("{9A19103F-16F7-4668-BE54-9A1E7A4F7556}") = "EchoService", "dotnetapi\EchoService\EchoService.csproj", "{6865B1EF-BFAC-49E6-B981-9FEC44C15D52}"
EndProject
Project("{9A19103F-16F7-4668-BE54-9A1E7A4F7556}") = "OrderSercice", "dotnetapi\OrderSercice\OrderSercice.csproj", "{4018053D-A235-4925-A7BD-7DFE94173C62}"
EndProject
Project("{9A19103F-16F7-4668-BE54-9A1E7A4F7556}") = "ProductApi", "dotnetapi\ProductApi\ProductApi.csproj", "{08681B8A-0AF0-4507-AAA7-0B08D87928EA}"
EndProject
Project("{9A19103F-16F7-4668-BE54-9A1E7A4F7556}") = "TestLib", "dotnetapi\TestLib\TestLib.csproj", "{19CA8293-5D28-4C5C-9917-39F3657814D3}"
EndProject
Project("{9A19103F-16F7-4668-BE54-9A1E7A4F7556}") = "PipeChannelService", "dotnetapi\PipeChannelService\PipeChannelService.csproj", "{FB6C44B4-5A66-48CF-988C-606F3E3635D3}"
EndProject
Project("{9A19103F-16F7-4668-BE54-9A1E7A4F7556}") = "SocketClientService", "dotnetapi\SocketClientService\SocketClientService.csproj", "{D077DDC0-AB0E-4503-B52C-F46E25D8F521}"
EndProject
Project("{2150E333-8FDC-42A3-9474-1A3956D46DE8}") = "Signalr", "Signalr", "{DF9A2DB9-3AA4-4C2F-99A6-C84F43B2622F}"
EndProject
Project("{9A19103F-16F7-4668-BE54-9A1E7A4F7556}") = "Server", "dotnetapi\Signalr\Server\Server.csproj", "{38CB63FD-2A61-4A5F-8D48-1A13EFB09540}"
EndProject
Project("{9A19103F-16F7-4668-BE54-9A1E7A4F7556}") = "Client", "dotnetapi\Signalr\Client\Client.csproj", "{45AA1502-FD8A-4E02-B3EE-C54555BF5EDC}"
EndProject
Project("{2150E333-8FDC-42A3-9474-1A3956D46DE8}") = "Socket", "Socket", "{10453D29-33AE-48DD-A9BA-F0ED607D8683}"
EndProject
Project("{2150E333-8FDC-42A3-9474-1A3956D46DE8}") = "Grpc", "Grpc", "{539C08B9-D1B0-4FB7-A3C3-8BE67E44B73A}"
EndProject
Project("{2150E333-8FDC-42A3-9474-1A3956D46DE8}") = "WebAssembly", "WebAssembly", "{FEF77B65-30DA-47FE-A578-3789E7E01971}"
EndProject
Project("{2150E333-8FDC-42A3-9474-1A3956D46DE8}") = "SqlOutbox", "SqlOutbox", "{A094FAFB-6858-409B-B85B-B1EF10431227}"
EndProject
Project("{9A19103F-16F7-4668-BE54-9A1E7A4F7556}") = "Sender", "Sender\Sender.csproj", "{EA6E8591-4FE8-471B-A113-10B9A855A75D}"
EndProject
Project("{9A19103F-16F7-4668-BE54-9A1E7A4F7556}") = "Shard", "Shard\Shard.csproj", "{E8C1FB9C-1B4A-4396-93B9-1D9CAD5FC31A}"
EndProject
Project("{9A19103F-16F7-4668-BE54-9A1E7A4F7556}") = "Receiver", "Receiver\Receiver.csproj", "{81967B46-8008-4993-9E1E-6BD675F16447}"
EndProject
Project("{2150E333-8FDC-42A3-9474-1A3956D46DE8}") = "Server", "Server", "{600EAFAD-73F9-43BA-B5D2-3253C6BF7E9E}"
EndProject
Project("{9A19103F-16F7-4668-BE54-9A1E7A4F7556}") = "BlazorServerApp", "dotnetapi\WebAssembly\Server\BlazorServerApp\BlazorServerApp.csproj", "{EC0CDD6A-0695-494D-B18A-E46E7BFC05A3}"
EndProject
Project("{9A19103F-16F7-4668-BE54-9A1E7A4F7556}") = "BlazorShard", "WebAssembly\BlazorShard\BlazorShard.csproj", "{03551E0A-114F-4E13-B68E-F988E26A9BCE}"
EndProject
Project("{9A19103F-16F7-4668-BE54-9A1E7A4F7556}") = "BlazorHostApp", "dotnetapi\WebAssembly\Server\BlazorHostApp\BlazorHostApp.csproj", "{7EC45771-9B4F-4EFE-B9CE-057A5FB1FB83}"
EndProject
Project("{9A19103F-16F7-4668-BE54-9A1E7A4F7556}") = "PetaPocoClient", "PetaPocoClient\PetaPocoClient.csproj", "{8B72D2F2-6DB3-4E92-9A0F-CD9E97A99DDF}"
EndProject
Project("{2150E333-8FDC-42A3-9474-1A3956D46DE8}") = "Blazor", "Blazor", "{89ADDA25-00E1-46A8-9EDC-05869D01CF8D}"
EndProject
Project("{9A19103F-16F7-4668-BE54-9A1E7A4F7556}") = "GrpcService", "dotnetapi\Blazor\GrpcService\GrpcService.csproj", "{C3A437B2-8652-45C5-8EA4-9844685C4848}"
EndProject
Project("{9A19103F-16F7-4668-BE54-9A1E7A4F7556}") = "WebAssemblyClient", "dotnetapi\Blazor\WebAssemblyClient\WebAssemblyClient.csproj", "{3110B22E-4174-4CE0-981D-7C6D21B2992D}"
EndProject
Project("{9A19103F-16F7-4668-BE54-9A1E7A4F7556}") = "ConsoleClient", "dotnetapi\Blazor\ConsoleClient\ConsoleClient.csproj", "{43C78595-4DE2-4112-9B49-A49C48B3B2A6}"
EndProject
Project("{2150E333-8FDC-42A3-9474-1A3956D46DE8}") = "bedrock", "bedrock", "{20697E94-7C5C-4F4C-9EDB-B465E29F7382}"
EndProject
Project("{9A19103F-16F7-4668-BE54-9A1E7A4F7556}") = "BedrockServer", "dotnetapi\bedrock\BedrockServer\BedrockServer.csproj", "{C37BB2FB-236E-4634-B5FA-647590BEEE87}"
EndProject
Project("{9A19103F-16F7-4668-BE54-9A1E7A4F7556}") = "BedrockClient", "dotnetapi\bedrock\BedrockClient\BedrockClient.csproj", "{E5345E40-8AD4-4578-AE50-A2CBD43BDD24}"
EndProject
Project("{9A19103F-16F7-4668-BE54-9A1E7A4F7556}") = "AkkaServer.Core", "dotnetapi\AkkaServer\AkkaServer.Core\AkkaServer.Core.csproj", "{5D4E561C-B77D-425C-9A30-B3B26FCD0699}"
EndProject
Project("{2150E333-8FDC-42A3-9474-1A3956D46DE8}") = "AkkaServer", "AkkaServer", "{8F663251-DB60-4AA1-A518-3A7E535B0868}"
EndProject
Project("{9A19103F-16F7-4668-BE54-9A1E7A4F7556}") = "AkkaServerApp", "dotnetapi\AkkaServer\AkkaServerApp\AkkaServerApp.csproj", "{46B8ADF8-DC5E-4A79-A360-C10D5BA1DEAA}"
EndProject
Project("{9A19103F-16F7-4668-BE54-9A1E7A4F7556}") = "AkkaCLientApp", "dotnetapi\AkkaServer\AkkaCLientApp\AkkaCLientApp.csproj", "{5BF85D30-CA3D-4A86-BA45-CC06276FF191}"
EndProject
Project("{9A19103F-16F7-4668-BE54-9A1E7A4F7556}") = "AkkaGrpcClient", "dotnetapi\AkkaServer\AkkaGrpcClient\AkkaGrpcClient.csproj", "{59C6C57F-918E-43AC-89EB-EF817950F5F7}"
EndProject
Project("{9A19103F-16F7-4668-BE54-9A1E7A4F7556}") = "ReverseProxy", "dotnetapi\AkkaServer\ReverseProxy\ReverseProxy.csproj", "{B36A901B-FBB7-49F6-868D-38F3E86CE82B}"
EndProject
Project("{9A19103F-16F7-4668-BE54-9A1E7A4F7556}") = "AkkaPersistenceConsole", "dotnetapi\AkkaServer\AkkaPersistenceConsole\AkkaPersistenceConsole.csproj", "{42DD7AA9-8EF1-411B-8C08-0E5CB677EF4C}"
EndProject
Project("{2150E333-8FDC-42A3-9474-1A3956D46DE8}") = "Yarp", "Yarp", "{67291098-9E20-480A-A5C8-69813F489AF7}"
EndProject
Project("{2150E333-8FDC-42A3-9474-1A3956D46DE8}") = "AkkaPersistence", "AkkaPersistence", "{251A93B6-A3F3-4E89-B6D2-E1CA512545C4}"
EndProject
Global
	GlobalSection(SolutionConfigurationPlatforms) = preSolution
		Debug|Any CPU = Debug|Any CPU
		Debug|x64 = Debug|x64
		Debug|x86 = Debug|x86
		Release|Any CPU = Release|Any CPU
		Release|x64 = Release|x64
		Release|x86 = Release|x86
	EndGlobalSection
	GlobalSection(ProjectConfigurationPlatforms) = postSolution
		{524F1B13-86A4-4E84-A637-ECAB5C7E6E6F}.Debug|Any CPU.ActiveCfg = Debug|Any CPU
		{524F1B13-86A4-4E84-A637-ECAB5C7E6E6F}.Debug|Any CPU.Build.0 = Debug|Any CPU
		{524F1B13-86A4-4E84-A637-ECAB5C7E6E6F}.Debug|x64.ActiveCfg = Debug|Any CPU
		{524F1B13-86A4-4E84-A637-ECAB5C7E6E6F}.Debug|x64.Build.0 = Debug|Any CPU
		{524F1B13-86A4-4E84-A637-ECAB5C7E6E6F}.Debug|x86.ActiveCfg = Debug|Any CPU
		{524F1B13-86A4-4E84-A637-ECAB5C7E6E6F}.Debug|x86.Build.0 = Debug|Any CPU
		{524F1B13-86A4-4E84-A637-ECAB5C7E6E6F}.Release|Any CPU.ActiveCfg = Release|Any CPU
		{524F1B13-86A4-4E84-A637-ECAB5C7E6E6F}.Release|Any CPU.Build.0 = Release|Any CPU
		{524F1B13-86A4-4E84-A637-ECAB5C7E6E6F}.Release|x64.ActiveCfg = Release|Any CPU
		{524F1B13-86A4-4E84-A637-ECAB5C7E6E6F}.Release|x64.Build.0 = Release|Any CPU
		{524F1B13-86A4-4E84-A637-ECAB5C7E6E6F}.Release|x86.ActiveCfg = Release|Any CPU
		{524F1B13-86A4-4E84-A637-ECAB5C7E6E6F}.Release|x86.Build.0 = Release|Any CPU
		{6865B1EF-BFAC-49E6-B981-9FEC44C15D52}.Debug|Any CPU.ActiveCfg = Debug|Any CPU
		{6865B1EF-BFAC-49E6-B981-9FEC44C15D52}.Debug|Any CPU.Build.0 = Debug|Any CPU
		{6865B1EF-BFAC-49E6-B981-9FEC44C15D52}.Debug|x64.ActiveCfg = Debug|Any CPU
		{6865B1EF-BFAC-49E6-B981-9FEC44C15D52}.Debug|x64.Build.0 = Debug|Any CPU
		{6865B1EF-BFAC-49E6-B981-9FEC44C15D52}.Debug|x86.ActiveCfg = Debug|Any CPU
		{6865B1EF-BFAC-49E6-B981-9FEC44C15D52}.Debug|x86.Build.0 = Debug|Any CPU
		{6865B1EF-BFAC-49E6-B981-9FEC44C15D52}.Release|Any CPU.ActiveCfg = Release|Any CPU
		{6865B1EF-BFAC-49E6-B981-9FEC44C15D52}.Release|Any CPU.Build.0 = Release|Any CPU
		{6865B1EF-BFAC-49E6-B981-9FEC44C15D52}.Release|x64.ActiveCfg = Release|Any CPU
		{6865B1EF-BFAC-49E6-B981-9FEC44C15D52}.Release|x64.Build.0 = Release|Any CPU
		{6865B1EF-BFAC-49E6-B981-9FEC44C15D52}.Release|x86.ActiveCfg = Release|Any CPU
		{6865B1EF-BFAC-49E6-B981-9FEC44C15D52}.Release|x86.Build.0 = Release|Any CPU
		{4018053D-A235-4925-A7BD-7DFE94173C62}.Debug|Any CPU.ActiveCfg = Debug|Any CPU
		{4018053D-A235-4925-A7BD-7DFE94173C62}.Debug|Any CPU.Build.0 = Debug|Any CPU
		{4018053D-A235-4925-A7BD-7DFE94173C62}.Debug|x64.ActiveCfg = Debug|Any CPU
		{4018053D-A235-4925-A7BD-7DFE94173C62}.Debug|x64.Build.0 = Debug|Any CPU
		{4018053D-A235-4925-A7BD-7DFE94173C62}.Debug|x86.ActiveCfg = Debug|Any CPU
		{4018053D-A235-4925-A7BD-7DFE94173C62}.Debug|x86.Build.0 = Debug|Any CPU
		{4018053D-A235-4925-A7BD-7DFE94173C62}.Release|Any CPU.ActiveCfg = Release|Any CPU
		{4018053D-A235-4925-A7BD-7DFE94173C62}.Release|Any CPU.Build.0 = Release|Any CPU
		{4018053D-A235-4925-A7BD-7DFE94173C62}.Release|x64.ActiveCfg = Release|Any CPU
		{4018053D-A235-4925-A7BD-7DFE94173C62}.Release|x64.Build.0 = Release|Any CPU
		{4018053D-A235-4925-A7BD-7DFE94173C62}.Release|x86.ActiveCfg = Release|Any CPU
		{4018053D-A235-4925-A7BD-7DFE94173C62}.Release|x86.Build.0 = Release|Any CPU
		{08681B8A-0AF0-4507-AAA7-0B08D87928EA}.Debug|Any CPU.ActiveCfg = Debug|Any CPU
		{08681B8A-0AF0-4507-AAA7-0B08D87928EA}.Debug|Any CPU.Build.0 = Debug|Any CPU
		{08681B8A-0AF0-4507-AAA7-0B08D87928EA}.Debug|x64.ActiveCfg = Debug|Any CPU
		{08681B8A-0AF0-4507-AAA7-0B08D87928EA}.Debug|x64.Build.0 = Debug|Any CPU
		{08681B8A-0AF0-4507-AAA7-0B08D87928EA}.Debug|x86.ActiveCfg = Debug|Any CPU
		{08681B8A-0AF0-4507-AAA7-0B08D87928EA}.Debug|x86.Build.0 = Debug|Any CPU
		{08681B8A-0AF0-4507-AAA7-0B08D87928EA}.Release|Any CPU.ActiveCfg = Release|Any CPU
		{08681B8A-0AF0-4507-AAA7-0B08D87928EA}.Release|Any CPU.Build.0 = Release|Any CPU
		{08681B8A-0AF0-4507-AAA7-0B08D87928EA}.Release|x64.ActiveCfg = Release|Any CPU
		{08681B8A-0AF0-4507-AAA7-0B08D87928EA}.Release|x64.Build.0 = Release|Any CPU
		{08681B8A-0AF0-4507-AAA7-0B08D87928EA}.Release|x86.ActiveCfg = Release|Any CPU
		{08681B8A-0AF0-4507-AAA7-0B08D87928EA}.Release|x86.Build.0 = Release|Any CPU
		{19CA8293-5D28-4C5C-9917-39F3657814D3}.Debug|Any CPU.ActiveCfg = Debug|Any CPU
		{19CA8293-5D28-4C5C-9917-39F3657814D3}.Debug|Any CPU.Build.0 = Debug|Any CPU
		{19CA8293-5D28-4C5C-9917-39F3657814D3}.Debug|x64.ActiveCfg = Debug|Any CPU
		{19CA8293-5D28-4C5C-9917-39F3657814D3}.Debug|x64.Build.0 = Debug|Any CPU
		{19CA8293-5D28-4C5C-9917-39F3657814D3}.Debug|x86.ActiveCfg = Debug|Any CPU
		{19CA8293-5D28-4C5C-9917-39F3657814D3}.Debug|x86.Build.0 = Debug|Any CPU
		{19CA8293-5D28-4C5C-9917-39F3657814D3}.Release|Any CPU.ActiveCfg = Release|Any CPU
		{19CA8293-5D28-4C5C-9917-39F3657814D3}.Release|Any CPU.Build.0 = Release|Any CPU
		{19CA8293-5D28-4C5C-9917-39F3657814D3}.Release|x64.ActiveCfg = Release|Any CPU
		{19CA8293-5D28-4C5C-9917-39F3657814D3}.Release|x64.Build.0 = Release|Any CPU
		{19CA8293-5D28-4C5C-9917-39F3657814D3}.Release|x86.ActiveCfg = Release|Any CPU
		{19CA8293-5D28-4C5C-9917-39F3657814D3}.Release|x86.Build.0 = Release|Any CPU
		{FB6C44B4-5A66-48CF-988C-606F3E3635D3}.Debug|Any CPU.ActiveCfg = Debug|Any CPU
		{FB6C44B4-5A66-48CF-988C-606F3E3635D3}.Debug|Any CPU.Build.0 = Debug|Any CPU
		{FB6C44B4-5A66-48CF-988C-606F3E3635D3}.Debug|x64.ActiveCfg = Debug|Any CPU
		{FB6C44B4-5A66-48CF-988C-606F3E3635D3}.Debug|x64.Build.0 = Debug|Any CPU
		{FB6C44B4-5A66-48CF-988C-606F3E3635D3}.Debug|x86.ActiveCfg = Debug|Any CPU
		{FB6C44B4-5A66-48CF-988C-606F3E3635D3}.Debug|x86.Build.0 = Debug|Any CPU
		{FB6C44B4-5A66-48CF-988C-606F3E3635D3}.Release|Any CPU.ActiveCfg = Release|Any CPU
		{FB6C44B4-5A66-48CF-988C-606F3E3635D3}.Release|Any CPU.Build.0 = Release|Any CPU
		{FB6C44B4-5A66-48CF-988C-606F3E3635D3}.Release|x64.ActiveCfg = Release|Any CPU
		{FB6C44B4-5A66-48CF-988C-606F3E3635D3}.Release|x64.Build.0 = Release|Any CPU
		{FB6C44B4-5A66-48CF-988C-606F3E3635D3}.Release|x86.ActiveCfg = Release|Any CPU
		{FB6C44B4-5A66-48CF-988C-606F3E3635D3}.Release|x86.Build.0 = Release|Any CPU
		{D077DDC0-AB0E-4503-B52C-F46E25D8F521}.Debug|Any CPU.ActiveCfg = Debug|Any CPU
		{D077DDC0-AB0E-4503-B52C-F46E25D8F521}.Debug|Any CPU.Build.0 = Debug|Any CPU
		{D077DDC0-AB0E-4503-B52C-F46E25D8F521}.Debug|x64.ActiveCfg = Debug|Any CPU
		{D077DDC0-AB0E-4503-B52C-F46E25D8F521}.Debug|x64.Build.0 = Debug|Any CPU
		{D077DDC0-AB0E-4503-B52C-F46E25D8F521}.Debug|x86.ActiveCfg = Debug|Any CPU
		{D077DDC0-AB0E-4503-B52C-F46E25D8F521}.Debug|x86.Build.0 = Debug|Any CPU
		{D077DDC0-AB0E-4503-B52C-F46E25D8F521}.Release|Any CPU.ActiveCfg = Release|Any CPU
		{D077DDC0-AB0E-4503-B52C-F46E25D8F521}.Release|Any CPU.Build.0 = Release|Any CPU
		{D077DDC0-AB0E-4503-B52C-F46E25D8F521}.Release|x64.ActiveCfg = Release|Any CPU
		{D077DDC0-AB0E-4503-B52C-F46E25D8F521}.Release|x64.Build.0 = Release|Any CPU
		{D077DDC0-AB0E-4503-B52C-F46E25D8F521}.Release|x86.ActiveCfg = Release|Any CPU
		{D077DDC0-AB0E-4503-B52C-F46E25D8F521}.Release|x86.Build.0 = Release|Any CPU
		{38CB63FD-2A61-4A5F-8D48-1A13EFB09540}.Debug|Any CPU.ActiveCfg = Debug|Any CPU
		{38CB63FD-2A61-4A5F-8D48-1A13EFB09540}.Debug|Any CPU.Build.0 = Debug|Any CPU
		{38CB63FD-2A61-4A5F-8D48-1A13EFB09540}.Debug|x64.ActiveCfg = Debug|Any CPU
		{38CB63FD-2A61-4A5F-8D48-1A13EFB09540}.Debug|x64.Build.0 = Debug|Any CPU
		{38CB63FD-2A61-4A5F-8D48-1A13EFB09540}.Debug|x86.ActiveCfg = Debug|Any CPU
		{38CB63FD-2A61-4A5F-8D48-1A13EFB09540}.Debug|x86.Build.0 = Debug|Any CPU
		{38CB63FD-2A61-4A5F-8D48-1A13EFB09540}.Release|Any CPU.ActiveCfg = Release|Any CPU
		{38CB63FD-2A61-4A5F-8D48-1A13EFB09540}.Release|Any CPU.Build.0 = Release|Any CPU
		{38CB63FD-2A61-4A5F-8D48-1A13EFB09540}.Release|x64.ActiveCfg = Release|Any CPU
		{38CB63FD-2A61-4A5F-8D48-1A13EFB09540}.Release|x64.Build.0 = Release|Any CPU
		{38CB63FD-2A61-4A5F-8D48-1A13EFB09540}.Release|x86.ActiveCfg = Release|Any CPU
		{38CB63FD-2A61-4A5F-8D48-1A13EFB09540}.Release|x86.Build.0 = Release|Any CPU
		{45AA1502-FD8A-4E02-B3EE-C54555BF5EDC}.Debug|Any CPU.ActiveCfg = Debug|Any CPU
		{45AA1502-FD8A-4E02-B3EE-C54555BF5EDC}.Debug|Any CPU.Build.0 = Debug|Any CPU
		{45AA1502-FD8A-4E02-B3EE-C54555BF5EDC}.Debug|x64.ActiveCfg = Debug|Any CPU
		{45AA1502-FD8A-4E02-B3EE-C54555BF5EDC}.Debug|x64.Build.0 = Debug|Any CPU
		{45AA1502-FD8A-4E02-B3EE-C54555BF5EDC}.Debug|x86.ActiveCfg = Debug|Any CPU
		{45AA1502-FD8A-4E02-B3EE-C54555BF5EDC}.Debug|x86.Build.0 = Debug|Any CPU
		{45AA1502-FD8A-4E02-B3EE-C54555BF5EDC}.Release|Any CPU.ActiveCfg = Release|Any CPU
		{45AA1502-FD8A-4E02-B3EE-C54555BF5EDC}.Release|Any CPU.Build.0 = Release|Any CPU
		{45AA1502-FD8A-4E02-B3EE-C54555BF5EDC}.Release|x64.ActiveCfg = Release|Any CPU
		{45AA1502-FD8A-4E02-B3EE-C54555BF5EDC}.Release|x64.Build.0 = Release|Any CPU
		{45AA1502-FD8A-4E02-B3EE-C54555BF5EDC}.Release|x86.ActiveCfg = Release|Any CPU
		{45AA1502-FD8A-4E02-B3EE-C54555BF5EDC}.Release|x86.Build.0 = Release|Any CPU
		{EA6E8591-4FE8-471B-A113-10B9A855A75D}.Debug|Any CPU.ActiveCfg = Debug|Any CPU
		{EA6E8591-4FE8-471B-A113-10B9A855A75D}.Debug|Any CPU.Build.0 = Debug|Any CPU
		{EA6E8591-4FE8-471B-A113-10B9A855A75D}.Debug|x64.ActiveCfg = Debug|Any CPU
		{EA6E8591-4FE8-471B-A113-10B9A855A75D}.Debug|x64.Build.0 = Debug|Any CPU
		{EA6E8591-4FE8-471B-A113-10B9A855A75D}.Debug|x86.ActiveCfg = Debug|Any CPU
		{EA6E8591-4FE8-471B-A113-10B9A855A75D}.Debug|x86.Build.0 = Debug|Any CPU
		{EA6E8591-4FE8-471B-A113-10B9A855A75D}.Release|Any CPU.ActiveCfg = Release|Any CPU
		{EA6E8591-4FE8-471B-A113-10B9A855A75D}.Release|Any CPU.Build.0 = Release|Any CPU
		{EA6E8591-4FE8-471B-A113-10B9A855A75D}.Release|x64.ActiveCfg = Release|Any CPU
		{EA6E8591-4FE8-471B-A113-10B9A855A75D}.Release|x64.Build.0 = Release|Any CPU
		{EA6E8591-4FE8-471B-A113-10B9A855A75D}.Release|x86.ActiveCfg = Release|Any CPU
		{EA6E8591-4FE8-471B-A113-10B9A855A75D}.Release|x86.Build.0 = Release|Any CPU
		{E8C1FB9C-1B4A-4396-93B9-1D9CAD5FC31A}.Debug|Any CPU.ActiveCfg = Debug|Any CPU
		{E8C1FB9C-1B4A-4396-93B9-1D9CAD5FC31A}.Debug|Any CPU.Build.0 = Debug|Any CPU
		{E8C1FB9C-1B4A-4396-93B9-1D9CAD5FC31A}.Debug|x64.ActiveCfg = Debug|Any CPU
		{E8C1FB9C-1B4A-4396-93B9-1D9CAD5FC31A}.Debug|x64.Build.0 = Debug|Any CPU
		{E8C1FB9C-1B4A-4396-93B9-1D9CAD5FC31A}.Debug|x86.ActiveCfg = Debug|Any CPU
		{E8C1FB9C-1B4A-4396-93B9-1D9CAD5FC31A}.Debug|x86.Build.0 = Debug|Any CPU
		{E8C1FB9C-1B4A-4396-93B9-1D9CAD5FC31A}.Release|Any CPU.ActiveCfg = Release|Any CPU
		{E8C1FB9C-1B4A-4396-93B9-1D9CAD5FC31A}.Release|Any CPU.Build.0 = Release|Any CPU
		{E8C1FB9C-1B4A-4396-93B9-1D9CAD5FC31A}.Release|x64.ActiveCfg = Release|Any CPU
		{E8C1FB9C-1B4A-4396-93B9-1D9CAD5FC31A}.Release|x64.Build.0 = Release|Any CPU
		{E8C1FB9C-1B4A-4396-93B9-1D9CAD5FC31A}.Release|x86.ActiveCfg = Release|Any CPU
		{E8C1FB9C-1B4A-4396-93B9-1D9CAD5FC31A}.Release|x86.Build.0 = Release|Any CPU
		{81967B46-8008-4993-9E1E-6BD675F16447}.Debug|Any CPU.ActiveCfg = Debug|Any CPU
		{81967B46-8008-4993-9E1E-6BD675F16447}.Debug|Any CPU.Build.0 = Debug|Any CPU
		{81967B46-8008-4993-9E1E-6BD675F16447}.Debug|x64.ActiveCfg = Debug|Any CPU
		{81967B46-8008-4993-9E1E-6BD675F16447}.Debug|x64.Build.0 = Debug|Any CPU
		{81967B46-8008-4993-9E1E-6BD675F16447}.Debug|x86.ActiveCfg = Debug|Any CPU
		{81967B46-8008-4993-9E1E-6BD675F16447}.Debug|x86.Build.0 = Debug|Any CPU
		{81967B46-8008-4993-9E1E-6BD675F16447}.Release|Any CPU.ActiveCfg = Release|Any CPU
		{81967B46-8008-4993-9E1E-6BD675F16447}.Release|Any CPU.Build.0 = Release|Any CPU
		{81967B46-8008-4993-9E1E-6BD675F16447}.Release|x64.ActiveCfg = Release|Any CPU
		{81967B46-8008-4993-9E1E-6BD675F16447}.Release|x64.Build.0 = Release|Any CPU
		{81967B46-8008-4993-9E1E-6BD675F16447}.Release|x86.ActiveCfg = Release|Any CPU
		{81967B46-8008-4993-9E1E-6BD675F16447}.Release|x86.Build.0 = Release|Any CPU
		{EC0CDD6A-0695-494D-B18A-E46E7BFC05A3}.Debug|Any CPU.ActiveCfg = Debug|Any CPU
		{EC0CDD6A-0695-494D-B18A-E46E7BFC05A3}.Debug|Any CPU.Build.0 = Debug|Any CPU
		{EC0CDD6A-0695-494D-B18A-E46E7BFC05A3}.Debug|x64.ActiveCfg = Debug|Any CPU
		{EC0CDD6A-0695-494D-B18A-E46E7BFC05A3}.Debug|x64.Build.0 = Debug|Any CPU
		{EC0CDD6A-0695-494D-B18A-E46E7BFC05A3}.Debug|x86.ActiveCfg = Debug|Any CPU
		{EC0CDD6A-0695-494D-B18A-E46E7BFC05A3}.Debug|x86.Build.0 = Debug|Any CPU
		{EC0CDD6A-0695-494D-B18A-E46E7BFC05A3}.Release|Any CPU.ActiveCfg = Release|Any CPU
		{EC0CDD6A-0695-494D-B18A-E46E7BFC05A3}.Release|Any CPU.Build.0 = Release|Any CPU
		{EC0CDD6A-0695-494D-B18A-E46E7BFC05A3}.Release|x64.ActiveCfg = Release|Any CPU
		{EC0CDD6A-0695-494D-B18A-E46E7BFC05A3}.Release|x64.Build.0 = Release|Any CPU
		{EC0CDD6A-0695-494D-B18A-E46E7BFC05A3}.Release|x86.ActiveCfg = Release|Any CPU
		{EC0CDD6A-0695-494D-B18A-E46E7BFC05A3}.Release|x86.Build.0 = Release|Any CPU
		{03551E0A-114F-4E13-B68E-F988E26A9BCE}.Debug|Any CPU.ActiveCfg = Debug|Any CPU
		{03551E0A-114F-4E13-B68E-F988E26A9BCE}.Debug|Any CPU.Build.0 = Debug|Any CPU
		{03551E0A-114F-4E13-B68E-F988E26A9BCE}.Debug|x64.ActiveCfg = Debug|Any CPU
		{03551E0A-114F-4E13-B68E-F988E26A9BCE}.Debug|x64.Build.0 = Debug|Any CPU
		{03551E0A-114F-4E13-B68E-F988E26A9BCE}.Debug|x86.ActiveCfg = Debug|Any CPU
		{03551E0A-114F-4E13-B68E-F988E26A9BCE}.Debug|x86.Build.0 = Debug|Any CPU
		{03551E0A-114F-4E13-B68E-F988E26A9BCE}.Release|Any CPU.ActiveCfg = Release|Any CPU
		{03551E0A-114F-4E13-B68E-F988E26A9BCE}.Release|Any CPU.Build.0 = Release|Any CPU
		{03551E0A-114F-4E13-B68E-F988E26A9BCE}.Release|x64.ActiveCfg = Release|Any CPU
		{03551E0A-114F-4E13-B68E-F988E26A9BCE}.Release|x64.Build.0 = Release|Any CPU
		{03551E0A-114F-4E13-B68E-F988E26A9BCE}.Release|x86.ActiveCfg = Release|Any CPU
		{03551E0A-114F-4E13-B68E-F988E26A9BCE}.Release|x86.Build.0 = Release|Any CPU
		{7EC45771-9B4F-4EFE-B9CE-057A5FB1FB83}.Debug|Any CPU.ActiveCfg = Debug|Any CPU
		{7EC45771-9B4F-4EFE-B9CE-057A5FB1FB83}.Debug|Any CPU.Build.0 = Debug|Any CPU
		{7EC45771-9B4F-4EFE-B9CE-057A5FB1FB83}.Debug|x64.ActiveCfg = Debug|Any CPU
		{7EC45771-9B4F-4EFE-B9CE-057A5FB1FB83}.Debug|x64.Build.0 = Debug|Any CPU
		{7EC45771-9B4F-4EFE-B9CE-057A5FB1FB83}.Debug|x86.ActiveCfg = Debug|Any CPU
		{7EC45771-9B4F-4EFE-B9CE-057A5FB1FB83}.Debug|x86.Build.0 = Debug|Any CPU
		{7EC45771-9B4F-4EFE-B9CE-057A5FB1FB83}.Release|Any CPU.ActiveCfg = Release|Any CPU
		{7EC45771-9B4F-4EFE-B9CE-057A5FB1FB83}.Release|Any CPU.Build.0 = Release|Any CPU
		{7EC45771-9B4F-4EFE-B9CE-057A5FB1FB83}.Release|x64.ActiveCfg = Release|Any CPU
		{7EC45771-9B4F-4EFE-B9CE-057A5FB1FB83}.Release|x64.Build.0 = Release|Any CPU
		{7EC45771-9B4F-4EFE-B9CE-057A5FB1FB83}.Release|x86.ActiveCfg = Release|Any CPU
		{7EC45771-9B4F-4EFE-B9CE-057A5FB1FB83}.Release|x86.Build.0 = Release|Any CPU
		{8B72D2F2-6DB3-4E92-9A0F-CD9E97A99DDF}.Debug|Any CPU.ActiveCfg = Debug|Any CPU
		{8B72D2F2-6DB3-4E92-9A0F-CD9E97A99DDF}.Debug|Any CPU.Build.0 = Debug|Any CPU
		{8B72D2F2-6DB3-4E92-9A0F-CD9E97A99DDF}.Debug|x64.ActiveCfg = Debug|Any CPU
		{8B72D2F2-6DB3-4E92-9A0F-CD9E97A99DDF}.Debug|x64.Build.0 = Debug|Any CPU
		{8B72D2F2-6DB3-4E92-9A0F-CD9E97A99DDF}.Debug|x86.ActiveCfg = Debug|Any CPU
		{8B72D2F2-6DB3-4E92-9A0F-CD9E97A99DDF}.Debug|x86.Build.0 = Debug|Any CPU
		{8B72D2F2-6DB3-4E92-9A0F-CD9E97A99DDF}.Release|Any CPU.ActiveCfg = Release|Any CPU
		{8B72D2F2-6DB3-4E92-9A0F-CD9E97A99DDF}.Release|Any CPU.Build.0 = Release|Any CPU
		{8B72D2F2-6DB3-4E92-9A0F-CD9E97A99DDF}.Release|x64.ActiveCfg = Release|Any CPU
		{8B72D2F2-6DB3-4E92-9A0F-CD9E97A99DDF}.Release|x64.Build.0 = Release|Any CPU
		{8B72D2F2-6DB3-4E92-9A0F-CD9E97A99DDF}.Release|x86.ActiveCfg = Release|Any CPU
		{8B72D2F2-6DB3-4E92-9A0F-CD9E97A99DDF}.Release|x86.Build.0 = Release|Any CPU
		{C3A437B2-8652-45C5-8EA4-9844685C4848}.Debug|Any CPU.ActiveCfg = Debug|Any CPU
		{C3A437B2-8652-45C5-8EA4-9844685C4848}.Debug|Any CPU.Build.0 = Debug|Any CPU
		{C3A437B2-8652-45C5-8EA4-9844685C4848}.Debug|x64.ActiveCfg = Debug|Any CPU
		{C3A437B2-8652-45C5-8EA4-9844685C4848}.Debug|x64.Build.0 = Debug|Any CPU
		{C3A437B2-8652-45C5-8EA4-9844685C4848}.Debug|x86.ActiveCfg = Debug|Any CPU
		{C3A437B2-8652-45C5-8EA4-9844685C4848}.Debug|x86.Build.0 = Debug|Any CPU
		{C3A437B2-8652-45C5-8EA4-9844685C4848}.Release|Any CPU.ActiveCfg = Release|Any CPU
		{C3A437B2-8652-45C5-8EA4-9844685C4848}.Release|Any CPU.Build.0 = Release|Any CPU
		{C3A437B2-8652-45C5-8EA4-9844685C4848}.Release|x64.ActiveCfg = Release|Any CPU
		{C3A437B2-8652-45C5-8EA4-9844685C4848}.Release|x64.Build.0 = Release|Any CPU
		{C3A437B2-8652-45C5-8EA4-9844685C4848}.Release|x86.ActiveCfg = Release|Any CPU
		{C3A437B2-8652-45C5-8EA4-9844685C4848}.Release|x86.Build.0 = Release|Any CPU
		{3110B22E-4174-4CE0-981D-7C6D21B2992D}.Debug|Any CPU.ActiveCfg = Debug|Any CPU
		{3110B22E-4174-4CE0-981D-7C6D21B2992D}.Debug|Any CPU.Build.0 = Debug|Any CPU
		{3110B22E-4174-4CE0-981D-7C6D21B2992D}.Debug|x64.ActiveCfg = Debug|Any CPU
		{3110B22E-4174-4CE0-981D-7C6D21B2992D}.Debug|x64.Build.0 = Debug|Any CPU
		{3110B22E-4174-4CE0-981D-7C6D21B2992D}.Debug|x86.ActiveCfg = Debug|Any CPU
		{3110B22E-4174-4CE0-981D-7C6D21B2992D}.Debug|x86.Build.0 = Debug|Any CPU
		{3110B22E-4174-4CE0-981D-7C6D21B2992D}.Release|Any CPU.ActiveCfg = Release|Any CPU
		{3110B22E-4174-4CE0-981D-7C6D21B2992D}.Release|Any CPU.Build.0 = Release|Any CPU
		{3110B22E-4174-4CE0-981D-7C6D21B2992D}.Release|x64.ActiveCfg = Release|Any CPU
		{3110B22E-4174-4CE0-981D-7C6D21B2992D}.Release|x64.Build.0 = Release|Any CPU
		{3110B22E-4174-4CE0-981D-7C6D21B2992D}.Release|x86.ActiveCfg = Release|Any CPU
		{3110B22E-4174-4CE0-981D-7C6D21B2992D}.Release|x86.Build.0 = Release|Any CPU
		{43C78595-4DE2-4112-9B49-A49C48B3B2A6}.Debug|Any CPU.ActiveCfg = Debug|Any CPU
		{43C78595-4DE2-4112-9B49-A49C48B3B2A6}.Debug|Any CPU.Build.0 = Debug|Any CPU
		{43C78595-4DE2-4112-9B49-A49C48B3B2A6}.Debug|x64.ActiveCfg = Debug|Any CPU
		{43C78595-4DE2-4112-9B49-A49C48B3B2A6}.Debug|x64.Build.0 = Debug|Any CPU
		{43C78595-4DE2-4112-9B49-A49C48B3B2A6}.Debug|x86.ActiveCfg = Debug|Any CPU
		{43C78595-4DE2-4112-9B49-A49C48B3B2A6}.Debug|x86.Build.0 = Debug|Any CPU
		{43C78595-4DE2-4112-9B49-A49C48B3B2A6}.Release|Any CPU.ActiveCfg = Release|Any CPU
		{43C78595-4DE2-4112-9B49-A49C48B3B2A6}.Release|Any CPU.Build.0 = Release|Any CPU
		{43C78595-4DE2-4112-9B49-A49C48B3B2A6}.Release|x64.ActiveCfg = Release|Any CPU
		{43C78595-4DE2-4112-9B49-A49C48B3B2A6}.Release|x64.Build.0 = Release|Any CPU
		{43C78595-4DE2-4112-9B49-A49C48B3B2A6}.Release|x86.ActiveCfg = Release|Any CPU
		{43C78595-4DE2-4112-9B49-A49C48B3B2A6}.Release|x86.Build.0 = Release|Any CPU
		{C37BB2FB-236E-4634-B5FA-647590BEEE87}.Debug|Any CPU.ActiveCfg = Debug|Any CPU
		{C37BB2FB-236E-4634-B5FA-647590BEEE87}.Debug|Any CPU.Build.0 = Debug|Any CPU
		{C37BB2FB-236E-4634-B5FA-647590BEEE87}.Debug|x64.ActiveCfg = Debug|Any CPU
		{C37BB2FB-236E-4634-B5FA-647590BEEE87}.Debug|x64.Build.0 = Debug|Any CPU
		{C37BB2FB-236E-4634-B5FA-647590BEEE87}.Debug|x86.ActiveCfg = Debug|Any CPU
		{C37BB2FB-236E-4634-B5FA-647590BEEE87}.Debug|x86.Build.0 = Debug|Any CPU
		{C37BB2FB-236E-4634-B5FA-647590BEEE87}.Release|Any CPU.ActiveCfg = Release|Any CPU
		{C37BB2FB-236E-4634-B5FA-647590BEEE87}.Release|Any CPU.Build.0 = Release|Any CPU
		{C37BB2FB-236E-4634-B5FA-647590BEEE87}.Release|x64.ActiveCfg = Release|Any CPU
		{C37BB2FB-236E-4634-B5FA-647590BEEE87}.Release|x64.Build.0 = Release|Any CPU
		{C37BB2FB-236E-4634-B5FA-647590BEEE87}.Release|x86.ActiveCfg = Release|Any CPU
		{C37BB2FB-236E-4634-B5FA-647590BEEE87}.Release|x86.Build.0 = Release|Any CPU
		{E5345E40-8AD4-4578-AE50-A2CBD43BDD24}.Debug|Any CPU.ActiveCfg = Debug|Any CPU
		{E5345E40-8AD4-4578-AE50-A2CBD43BDD24}.Debug|Any CPU.Build.0 = Debug|Any CPU
		{E5345E40-8AD4-4578-AE50-A2CBD43BDD24}.Debug|x64.ActiveCfg = Debug|Any CPU
		{E5345E40-8AD4-4578-AE50-A2CBD43BDD24}.Debug|x64.Build.0 = Debug|Any CPU
		{E5345E40-8AD4-4578-AE50-A2CBD43BDD24}.Debug|x86.ActiveCfg = Debug|Any CPU
		{E5345E40-8AD4-4578-AE50-A2CBD43BDD24}.Debug|x86.Build.0 = Debug|Any CPU
		{E5345E40-8AD4-4578-AE50-A2CBD43BDD24}.Release|Any CPU.ActiveCfg = Release|Any CPU
		{E5345E40-8AD4-4578-AE50-A2CBD43BDD24}.Release|Any CPU.Build.0 = Release|Any CPU
		{E5345E40-8AD4-4578-AE50-A2CBD43BDD24}.Release|x64.ActiveCfg = Release|Any CPU
		{E5345E40-8AD4-4578-AE50-A2CBD43BDD24}.Release|x64.Build.0 = Release|Any CPU
		{E5345E40-8AD4-4578-AE50-A2CBD43BDD24}.Release|x86.ActiveCfg = Release|Any CPU
		{E5345E40-8AD4-4578-AE50-A2CBD43BDD24}.Release|x86.Build.0 = Release|Any CPU
		{5D4E561C-B77D-425C-9A30-B3B26FCD0699}.Debug|Any CPU.ActiveCfg = Debug|Any CPU
		{5D4E561C-B77D-425C-9A30-B3B26FCD0699}.Debug|Any CPU.Build.0 = Debug|Any CPU
		{5D4E561C-B77D-425C-9A30-B3B26FCD0699}.Debug|x64.ActiveCfg = Debug|Any CPU
		{5D4E561C-B77D-425C-9A30-B3B26FCD0699}.Debug|x64.Build.0 = Debug|Any CPU
		{5D4E561C-B77D-425C-9A30-B3B26FCD0699}.Debug|x86.ActiveCfg = Debug|Any CPU
		{5D4E561C-B77D-425C-9A30-B3B26FCD0699}.Debug|x86.Build.0 = Debug|Any CPU
		{5D4E561C-B77D-425C-9A30-B3B26FCD0699}.Release|Any CPU.ActiveCfg = Release|Any CPU
		{5D4E561C-B77D-425C-9A30-B3B26FCD0699}.Release|Any CPU.Build.0 = Release|Any CPU
		{5D4E561C-B77D-425C-9A30-B3B26FCD0699}.Release|x64.ActiveCfg = Release|Any CPU
		{5D4E561C-B77D-425C-9A30-B3B26FCD0699}.Release|x64.Build.0 = Release|Any CPU
		{5D4E561C-B77D-425C-9A30-B3B26FCD0699}.Release|x86.ActiveCfg = Release|Any CPU
		{5D4E561C-B77D-425C-9A30-B3B26FCD0699}.Release|x86.Build.0 = Release|Any CPU
		{46B8ADF8-DC5E-4A79-A360-C10D5BA1DEAA}.Debug|Any CPU.ActiveCfg = Debug|Any CPU
		{46B8ADF8-DC5E-4A79-A360-C10D5BA1DEAA}.Debug|Any CPU.Build.0 = Debug|Any CPU
		{46B8ADF8-DC5E-4A79-A360-C10D5BA1DEAA}.Debug|x64.ActiveCfg = Debug|Any CPU
		{46B8ADF8-DC5E-4A79-A360-C10D5BA1DEAA}.Debug|x64.Build.0 = Debug|Any CPU
		{46B8ADF8-DC5E-4A79-A360-C10D5BA1DEAA}.Debug|x86.ActiveCfg = Debug|Any CPU
		{46B8ADF8-DC5E-4A79-A360-C10D5BA1DEAA}.Debug|x86.Build.0 = Debug|Any CPU
		{46B8ADF8-DC5E-4A79-A360-C10D5BA1DEAA}.Release|Any CPU.ActiveCfg = Release|Any CPU
		{46B8ADF8-DC5E-4A79-A360-C10D5BA1DEAA}.Release|Any CPU.Build.0 = Release|Any CPU
		{46B8ADF8-DC5E-4A79-A360-C10D5BA1DEAA}.Release|x64.ActiveCfg = Release|Any CPU
		{46B8ADF8-DC5E-4A79-A360-C10D5BA1DEAA}.Release|x64.Build.0 = Release|Any CPU
		{46B8ADF8-DC5E-4A79-A360-C10D5BA1DEAA}.Release|x86.ActiveCfg = Release|Any CPU
		{46B8ADF8-DC5E-4A79-A360-C10D5BA1DEAA}.Release|x86.Build.0 = Release|Any CPU
		{5BF85D30-CA3D-4A86-BA45-CC06276FF191}.Debug|Any CPU.ActiveCfg = Debug|Any CPU
		{5BF85D30-CA3D-4A86-BA45-CC06276FF191}.Debug|Any CPU.Build.0 = Debug|Any CPU
		{5BF85D30-CA3D-4A86-BA45-CC06276FF191}.Debug|x64.ActiveCfg = Debug|Any CPU
		{5BF85D30-CA3D-4A86-BA45-CC06276FF191}.Debug|x64.Build.0 = Debug|Any CPU
		{5BF85D30-CA3D-4A86-BA45-CC06276FF191}.Debug|x86.ActiveCfg = Debug|Any CPU
		{5BF85D30-CA3D-4A86-BA45-CC06276FF191}.Debug|x86.Build.0 = Debug|Any CPU
		{5BF85D30-CA3D-4A86-BA45-CC06276FF191}.Release|Any CPU.ActiveCfg = Release|Any CPU
		{5BF85D30-CA3D-4A86-BA45-CC06276FF191}.Release|Any CPU.Build.0 = Release|Any CPU
		{5BF85D30-CA3D-4A86-BA45-CC06276FF191}.Release|x64.ActiveCfg = Release|Any CPU
		{5BF85D30-CA3D-4A86-BA45-CC06276FF191}.Release|x64.Build.0 = Release|Any CPU
		{5BF85D30-CA3D-4A86-BA45-CC06276FF191}.Release|x86.ActiveCfg = Release|Any CPU
		{5BF85D30-CA3D-4A86-BA45-CC06276FF191}.Release|x86.Build.0 = Release|Any CPU
		{59C6C57F-918E-43AC-89EB-EF817950F5F7}.Debug|Any CPU.ActiveCfg = Debug|Any CPU
		{59C6C57F-918E-43AC-89EB-EF817950F5F7}.Debug|Any CPU.Build.0 = Debug|Any CPU
		{59C6C57F-918E-43AC-89EB-EF817950F5F7}.Debug|x64.ActiveCfg = Debug|Any CPU
		{59C6C57F-918E-43AC-89EB-EF817950F5F7}.Debug|x64.Build.0 = Debug|Any CPU
		{59C6C57F-918E-43AC-89EB-EF817950F5F7}.Debug|x86.ActiveCfg = Debug|Any CPU
		{59C6C57F-918E-43AC-89EB-EF817950F5F7}.Debug|x86.Build.0 = Debug|Any CPU
		{59C6C57F-918E-43AC-89EB-EF817950F5F7}.Release|Any CPU.ActiveCfg = Release|Any CPU
		{59C6C57F-918E-43AC-89EB-EF817950F5F7}.Release|Any CPU.Build.0 = Release|Any CPU
		{59C6C57F-918E-43AC-89EB-EF817950F5F7}.Release|x64.ActiveCfg = Release|Any CPU
		{59C6C57F-918E-43AC-89EB-EF817950F5F7}.Release|x64.Build.0 = Release|Any CPU
		{59C6C57F-918E-43AC-89EB-EF817950F5F7}.Release|x86.ActiveCfg = Release|Any CPU
		{59C6C57F-918E-43AC-89EB-EF817950F5F7}.Release|x86.Build.0 = Release|Any CPU
		{B36A901B-FBB7-49F6-868D-38F3E86CE82B}.Debug|Any CPU.ActiveCfg = Debug|Any CPU
		{B36A901B-FBB7-49F6-868D-38F3E86CE82B}.Debug|Any CPU.Build.0 = Debug|Any CPU
		{B36A901B-FBB7-49F6-868D-38F3E86CE82B}.Debug|x64.ActiveCfg = Debug|Any CPU
		{B36A901B-FBB7-49F6-868D-38F3E86CE82B}.Debug|x64.Build.0 = Debug|Any CPU
		{B36A901B-FBB7-49F6-868D-38F3E86CE82B}.Debug|x86.ActiveCfg = Debug|Any CPU
		{B36A901B-FBB7-49F6-868D-38F3E86CE82B}.Debug|x86.Build.0 = Debug|Any CPU
		{B36A901B-FBB7-49F6-868D-38F3E86CE82B}.Release|Any CPU.ActiveCfg = Release|Any CPU
		{B36A901B-FBB7-49F6-868D-38F3E86CE82B}.Release|Any CPU.Build.0 = Release|Any CPU
		{B36A901B-FBB7-49F6-868D-38F3E86CE82B}.Release|x64.ActiveCfg = Release|Any CPU
		{B36A901B-FBB7-49F6-868D-38F3E86CE82B}.Release|x64.Build.0 = Release|Any CPU
		{B36A901B-FBB7-49F6-868D-38F3E86CE82B}.Release|x86.ActiveCfg = Release|Any CPU
		{B36A901B-FBB7-49F6-868D-38F3E86CE82B}.Release|x86.Build.0 = Release|Any CPU
		{42DD7AA9-8EF1-411B-8C08-0E5CB677EF4C}.Debug|Any CPU.ActiveCfg = Debug|Any CPU
		{42DD7AA9-8EF1-411B-8C08-0E5CB677EF4C}.Debug|Any CPU.Build.0 = Debug|Any CPU
		{42DD7AA9-8EF1-411B-8C08-0E5CB677EF4C}.Debug|x64.ActiveCfg = Debug|Any CPU
		{42DD7AA9-8EF1-411B-8C08-0E5CB677EF4C}.Debug|x64.Build.0 = Debug|Any CPU
		{42DD7AA9-8EF1-411B-8C08-0E5CB677EF4C}.Debug|x86.ActiveCfg = Debug|Any CPU
		{42DD7AA9-8EF1-411B-8C08-0E5CB677EF4C}.Debug|x86.Build.0 = Debug|Any CPU
		{42DD7AA9-8EF1-411B-8C08-0E5CB677EF4C}.Release|Any CPU.ActiveCfg = Release|Any CPU
		{42DD7AA9-8EF1-411B-8C08-0E5CB677EF4C}.Release|Any CPU.Build.0 = Release|Any CPU
		{42DD7AA9-8EF1-411B-8C08-0E5CB677EF4C}.Release|x64.ActiveCfg = Release|Any CPU
		{42DD7AA9-8EF1-411B-8C08-0E5CB677EF4C}.Release|x64.Build.0 = Release|Any CPU
		{42DD7AA9-8EF1-411B-8C08-0E5CB677EF4C}.Release|x86.ActiveCfg = Release|Any CPU
		{42DD7AA9-8EF1-411B-8C08-0E5CB677EF4C}.Release|x86.Build.0 = Release|Any CPU
	EndGlobalSection
	GlobalSection(SolutionProperties) = preSolution
		HideSolutionNode = FALSE
	EndGlobalSection
	GlobalSection(NestedProjects) = preSolution
		{524F1B13-86A4-4E84-A637-ECAB5C7E6E6F} = {539C08B9-D1B0-4FB7-A3C3-8BE67E44B73A}
		{6865B1EF-BFAC-49E6-B981-9FEC44C15D52} = {539C08B9-D1B0-4FB7-A3C3-8BE67E44B73A}
		{4018053D-A235-4925-A7BD-7DFE94173C62} = {A920E1BF-888A-47DE-A945-8162F260D380}
		{08681B8A-0AF0-4507-AAA7-0B08D87928EA} = {A920E1BF-888A-47DE-A945-8162F260D380}
		{19CA8293-5D28-4C5C-9917-39F3657814D3} = {A920E1BF-888A-47DE-A945-8162F260D380}
		{FB6C44B4-5A66-48CF-988C-606F3E3635D3} = {10453D29-33AE-48DD-A9BA-F0ED607D8683}
		{D077DDC0-AB0E-4503-B52C-F46E25D8F521} = {10453D29-33AE-48DD-A9BA-F0ED607D8683}
		{DF9A2DB9-3AA4-4C2F-99A6-C84F43B2622F} = {A920E1BF-888A-47DE-A945-8162F260D380}
		{38CB63FD-2A61-4A5F-8D48-1A13EFB09540} = {DF9A2DB9-3AA4-4C2F-99A6-C84F43B2622F}
		{45AA1502-FD8A-4E02-B3EE-C54555BF5EDC} = {DF9A2DB9-3AA4-4C2F-99A6-C84F43B2622F}
		{10453D29-33AE-48DD-A9BA-F0ED607D8683} = {A920E1BF-888A-47DE-A945-8162F260D380}
		{539C08B9-D1B0-4FB7-A3C3-8BE67E44B73A} = {A920E1BF-888A-47DE-A945-8162F260D380}
		{FEF77B65-30DA-47FE-A578-3789E7E01971} = {A920E1BF-888A-47DE-A945-8162F260D380}
		{A094FAFB-6858-409B-B85B-B1EF10431227} = {A920E1BF-888A-47DE-A945-8162F260D380}
		{EA6E8591-4FE8-471B-A113-10B9A855A75D} = {A094FAFB-6858-409B-B85B-B1EF10431227}
		{E8C1FB9C-1B4A-4396-93B9-1D9CAD5FC31A} = {A094FAFB-6858-409B-B85B-B1EF10431227}
		{81967B46-8008-4993-9E1E-6BD675F16447} = {A094FAFB-6858-409B-B85B-B1EF10431227}
		{600EAFAD-73F9-43BA-B5D2-3253C6BF7E9E} = {FEF77B65-30DA-47FE-A578-3789E7E01971}
		{EC0CDD6A-0695-494D-B18A-E46E7BFC05A3} = {600EAFAD-73F9-43BA-B5D2-3253C6BF7E9E}
		{03551E0A-114F-4E13-B68E-F988E26A9BCE} = {FEF77B65-30DA-47FE-A578-3789E7E01971}
		{7EC45771-9B4F-4EFE-B9CE-057A5FB1FB83} = {600EAFAD-73F9-43BA-B5D2-3253C6BF7E9E}
		{8B72D2F2-6DB3-4E92-9A0F-CD9E97A99DDF} = {A094FAFB-6858-409B-B85B-B1EF10431227}
		{89ADDA25-00E1-46A8-9EDC-05869D01CF8D} = {A920E1BF-888A-47DE-A945-8162F260D380}
		{C3A437B2-8652-45C5-8EA4-9844685C4848} = {89ADDA25-00E1-46A8-9EDC-05869D01CF8D}
		{3110B22E-4174-4CE0-981D-7C6D21B2992D} = {89ADDA25-00E1-46A8-9EDC-05869D01CF8D}
		{43C78595-4DE2-4112-9B49-A49C48B3B2A6} = {89ADDA25-00E1-46A8-9EDC-05869D01CF8D}
		{20697E94-7C5C-4F4C-9EDB-B465E29F7382} = {10453D29-33AE-48DD-A9BA-F0ED607D8683}
		{C37BB2FB-236E-4634-B5FA-647590BEEE87} = {20697E94-7C5C-4F4C-9EDB-B465E29F7382}
		{E5345E40-8AD4-4578-AE50-A2CBD43BDD24} = {20697E94-7C5C-4F4C-9EDB-B465E29F7382}
		{5D4E561C-B77D-425C-9A30-B3B26FCD0699} = {8F663251-DB60-4AA1-A518-3A7E535B0868}
		{8F663251-DB60-4AA1-A518-3A7E535B0868} = {A920E1BF-888A-47DE-A945-8162F260D380}
		{46B8ADF8-DC5E-4A79-A360-C10D5BA1DEAA} = {8F663251-DB60-4AA1-A518-3A7E535B0868}
		{5BF85D30-CA3D-4A86-BA45-CC06276FF191} = {8F663251-DB60-4AA1-A518-3A7E535B0868}
		{59C6C57F-918E-43AC-89EB-EF817950F5F7} = {8F663251-DB60-4AA1-A518-3A7E535B0868}
		{B36A901B-FBB7-49F6-868D-38F3E86CE82B} = {67291098-9E20-480A-A5C8-69813F489AF7}
		{42DD7AA9-8EF1-411B-8C08-0E5CB677EF4C} = {251A93B6-A3F3-4E89-B6D2-E1CA512545C4}
		{67291098-9E20-480A-A5C8-69813F489AF7} = {8F663251-DB60-4AA1-A518-3A7E535B0868}
		{251A93B6-A3F3-4E89-B6D2-E1CA512545C4} = {8F663251-DB60-4AA1-A518-3A7E535B0868}
	EndGlobalSection
	GlobalSection(ExtensibilityGlobals) = postSolution
		SolutionGuid = {9D420347-1AAD-4F40-8E32-C14B7385B804}
	EndGlobalSection
EndGlobal
